// !$*UTF8*$!
{
	archiveVersion = 1;
	classes = {
	};
	objectVersion = 77;
	objects = {

/* Begin PBXBuildFile section */
		F418A5432E5F8C48002EB528 /* SecureStorage in Frameworks */ = {isa = PBXBuildFile; productRef = F418A5422E5F8C48002EB528 /* SecureStorage */; };
		F418A5462E5F8D95002EB528 /* Networking in Frameworks */ = {isa = PBXBuildFile; productRef = F418A5452E5F8D95002EB528 /* Networking */; };
/* End PBXBuildFile section */

/* Begin PBXContainerItemProxy section */
		F418A4E12E5F78D0002EB528 /* PBXContainerItemProxy */ = {
			isa = PBXContainerItemProxy;
			containerPortal = F418A4C82E5F78CE002EB528 /* Project object */;
			proxyType = 1;
			remoteGlobalIDString = F418A4CF2E5F78CE002EB528;
			remoteInfo = GithubMini;
		};
		F418A4EB2E5F78D0002EB528 /* PBXContainerItemProxy */ = {
			isa = PBXContainerItemProxy;
			containerPortal = F418A4C82E5F78CE002EB528 /* Project object */;
			proxyType = 1;
			remoteGlobalIDString = F418A4CF2E5F78CE002EB528;
			remoteInfo = GithubMini;
		};
/* End PBXContainerItemProxy section */

/* Begin PBXFileReference section */
		F418A4D02E5F78CE002EB528 /* GithubMini.app */ = {isa = PBXFileReference; explicitFileType = wrapper.application; includeInIndex = 0; path = GithubMini.app; sourceTree = BUILT_PRODUCTS_DIR; };
		F418A4E02E5F78D0002EB528 /* GithubMiniTests.xctest */ = {isa = PBXFileReference; explicitFileType = wrapper.cfbundle; includeInIndex = 0; path = GithubMiniTests.xctest; sourceTree = BUILT_PRODUCTS_DIR; };
		F418A4EA2E5F78D0002EB528 /* GithubMiniUITests.xctest */ = {isa = PBXFileReference; explicitFileType = wrapper.cfbundle; includeInIndex = 0; path = GithubMiniUITests.xctest; sourceTree = BUILT_PRODUCTS_DIR; };
/* End PBXFileReference section */

/* Begin PBXFileSystemSynchronizedBuildFileExceptionSet section */
		F418A5232E5F8938002EB528 /* Exceptions for "GithubMini" folder in "GithubMini" target */ = {
			isa = PBXFileSystemSynchronizedBuildFileExceptionSet;
			membershipExceptions = (
				Info.plist,
				Packages/Networking,
				Packages/SecureStorage,
			);
			target = F418A4CF2E5F78CE002EB528 /* GithubMini */;
		};
/* End PBXFileSystemSynchronizedBuildFileExceptionSet section */

/* Begin PBXFileSystemSynchronizedRootGroup section */
		F418A4D22E5F78CE002EB528 /* GithubMini */ = {
			isa = PBXFileSystemSynchronizedRootGroup;
			exceptions = (
				F418A5232E5F8938002EB528 /* Exceptions for "GithubMini" folder in "GithubMini" target */,
			);
			path = GithubMini;
			sourceTree = "<group>";
		};
		F418A4E32E5F78D0002EB528 /* GithubMiniTests */ = {
			isa = PBXFileSystemSynchronizedRootGroup;
			path = GithubMiniTests;
			sourceTree = "<group>";
		};
		F418A4ED2E5F78D0002EB528 /* GithubMiniUITests */ = {
			isa = PBXFileSystemSynchronizedRootGroup;
			path = GithubMiniUITests;
			sourceTree = "<group>";
		};
/* End PBXFileSystemSynchronizedRootGroup section */

/* Begin PBXFrameworksBuildPhase section */
		F418A4CD2E5F78CE002EB528 /* Frameworks */ = {
			isa = PBXFrameworksBuildPhase;
			buildActionMask = 2147483647;
			files = (
				F418A5462E5F8D95002EB528 /* Networking in Frameworks */,
				F418A5432E5F8C48002EB528 /* SecureStorage in Frameworks */,
			);
			runOnlyForDeploymentPostprocessing = 0;
		};
		F418A4DD2E5F78D0002EB528 /* Frameworks */ = {
			isa = PBXFrameworksBuildPhase;
			buildActionMask = 2147483647;
			files = (
			);
			runOnlyForDeploymentPostprocessing = 0;
		};
		F418A4E72E5F78D0002EB528 /* Frameworks */ = {
			isa = PBXFrameworksBuildPhase;
			buildActionMask = 2147483647;
			files = (
			);
			runOnlyForDeploymentPostprocessing = 0;
		};
/* End PBXFrameworksBuildPhase section */

/* Begin PBXGroup section */
		F418A4C72E5F78CE002EB528 = {
			isa = PBXGroup;
			children = (
				F418A4D22E5F78CE002EB528 /* GithubMini */,
				F418A4E32E5F78D0002EB528 /* GithubMiniTests */,
				F418A4ED2E5F78D0002EB528 /* GithubMiniUITests */,
				F418A5412E5F8C48002EB528 /* Frameworks */,
				F418A4D12E5F78CE002EB528 /* Products */,
			);
			sourceTree = "<group>";
		};
		F418A4D12E5F78CE002EB528 /* Products */ = {
			isa = PBXGroup;
			children = (
				F418A4D02E5F78CE002EB528 /* GithubMini.app */,
				F418A4E02E5F78D0002EB528 /* GithubMiniTests.xctest */,
				F418A4EA2E5F78D0002EB528 /* GithubMiniUITests.xctest */,
			);
			name = Products;
			sourceTree = "<group>";
		};
		F418A5412E5F8C48002EB528 /* Frameworks */ = {
			isa = PBXGroup;
			children = (
			);
			name = Frameworks;
			sourceTree = "<group>";
		};
/* End PBXGroup section */

/* Begin PBXNativeTarget section */
		F418A4CF2E5F78CE002EB528 /* GithubMini */ = {
			isa = PBXNativeTarget;
			buildConfigurationList = F418A4F42E5F78D0002EB528 /* Build configuration list for PBXNativeTarget "GithubMini" */;
			buildPhases = (
				F418A4CC2E5F78CE002EB528 /* Sources */,
				F418A4CD2E5F78CE002EB528 /* Frameworks */,
				F418A4CE2E5F78CE002EB528 /* Resources */,
			);
			buildRules = (
			);
			dependencies = (
			);
			fileSystemSynchronizedGroups = (
				F418A4D22E5F78CE002EB528 /* GithubMini */,
			);
			name = GithubMini;
			packageProductDependencies = (
				F418A5422E5F8C48002EB528 /* SecureStorage */,
				F418A5452E5F8D95002EB528 /* Networking */,
			);
			productName = GithubMini;
			productReference = F418A4D02E5F78CE002EB528 /* GithubMini.app */;
			productType = "com.apple.product-type.application";
		};
		F418A4DF2E5F78D0002EB528 /* GithubMiniTests */ = {
			isa = PBXNativeTarget;
			buildConfigurationList = F418A4F72E5F78D0002EB528 /* Build configuration list for PBXNativeTarget "GithubMiniTests" */;
			buildPhases = (
				F418A4DC2E5F78D0002EB528 /* Sources */,
				F418A4DD2E5F78D0002EB528 /* Frameworks */,
				F418A4DE2E5F78D0002EB528 /* Resources */,
			);
			buildRules = (
			);
			dependencies = (
				F418A4E22E5F78D0002EB528 /* PBXTargetDependency */,
			);
			fileSystemSynchronizedGroups = (
				F418A4E32E5F78D0002EB528 /* GithubMiniTests */,
			);
			name = GithubMiniTests;
			packageProductDependencies = (
			);
			productName = GithubMiniTests;
			productReference = F418A4E02E5F78D0002EB528 /* GithubMiniTests.xctest */;
			productType = "com.apple.product-type.bundle.unit-test";
		};
		F418A4E92E5F78D0002EB528 /* GithubMiniUITests */ = {
			isa = PBXNativeTarget;
			buildConfigurationList = F418A4FA2E5F78D0002EB528 /* Build configuration list for PBXNativeTarget "GithubMiniUITests" */;
			buildPhases = (
				F418A4E62E5F78D0002EB528 /* Sources */,
				F418A4E72E5F78D0002EB528 /* Frameworks */,
				F418A4E82E5F78D0002EB528 /* Resources */,
			);
			buildRules = (
			);
			dependencies = (
				F418A4EC2E5F78D0002EB528 /* PBXTargetDependency */,
			);
			fileSystemSynchronizedGroups = (
				F418A4ED2E5F78D0002EB528 /* GithubMiniUITests */,
			);
			name = GithubMiniUITests;
			packageProductDependencies = (
			);
			productName = GithubMiniUITests;
			productReference = F418A4EA2E5F78D0002EB528 /* GithubMiniUITests.xctest */;
			productType = "com.apple.product-type.bundle.ui-testing";
		};
/* End PBXNativeTarget section */

/* Begin PBXProject section */
		F418A4C82E5F78CE002EB528 /* Project object */ = {
			isa = PBXProject;
			attributes = {
				BuildIndependentTargetsInParallel = 1;
				LastSwiftUpdateCheck = 1620;
				LastUpgradeCheck = 1620;
				TargetAttributes = {
					F418A4CF2E5F78CE002EB528 = {
						CreatedOnToolsVersion = 16.2;
					};
					F418A4DF2E5F78D0002EB528 = {
						CreatedOnToolsVersion = 16.2;
						TestTargetID = F418A4CF2E5F78CE002EB528;
					};
					F418A4E92E5F78D0002EB528 = {
						CreatedOnToolsVersion = 16.2;
						TestTargetID = F418A4CF2E5F78CE002EB528;
					};
				};
			};
			buildConfigurationList = F418A4CB2E5F78CE002EB528 /* Build configuration list for PBXProject "GithubMini" */;
			developmentRegion = en;
			hasScannedForEncodings = 0;
			knownRegions = (
				en,
				Base,
			);
			mainGroup = F418A4C72E5F78CE002EB528;
			minimizedProjectReferenceProxies = 1;
			packageReferences = (
			);
			preferredProjectObjectVersion = 77;
			productRefGroup = F418A4D12E5F78CE002EB528 /* Products */;
			projectDirPath = "";
			projectRoot = "";
			targets = (
				F418A4CF2E5F78CE002EB528 /* GithubMini */,
				F418A4DF2E5F78D0002EB528 /* GithubMiniTests */,
				F418A4E92E5F78D0002EB528 /* GithubMiniUITests */,
			);
		};
/* End PBXProject section */

/* Begin PBXResourcesBuildPhase section */
		F418A4CE2E5F78CE002EB528 /* Resources */ = {
			isa = PBXResourcesBuildPhase;
			buildActionMask = 2147483647;
			files = (
			);
			runOnlyForDeploymentPostprocessing = 0;
		};
		F418A4DE2E5F78D0002EB528 /* Resources */ = {
			isa = PBXResourcesBuildPhase;
			buildActionMask = 2147483647;
			files = (
			);
			runOnlyForDeploymentPostprocessing = 0;
		};
		F418A4E82E5F78D0002EB528 /* Resources */ = {
			isa = PBXResourcesBuildPhase;
			buildActionMask = 2147483647;
			files = (
			);
			runOnlyForDeploymentPostprocessing = 0;
		};
/* End PBXResourcesBuildPhase section */

/* Begin PBXSourcesBuildPhase section */
		F418A4CC2E5F78CE002EB528 /* Sources */ = {
			isa = PBXSourcesBuildPhase;
			buildActionMask = 2147483647;
			files = (
			);
			runOnlyForDeploymentPostprocessing = 0;
		};
		F418A4DC2E5F78D0002EB528 /* Sources */ = {
			isa = PBXSourcesBuildPhase;
			buildActionMask = 2147483647;
			files = (
			);
			runOnlyForDeploymentPostprocessing = 0;
		};
		F418A4E62E5F78D0002EB528 /* Sources */ = {
			isa = PBXSourcesBuildPhase;
			buildActionMask = 2147483647;
			files = (
			);
			runOnlyForDeploymentPostprocessing = 0;
		};
/* End PBXSourcesBuildPhase section */

/* Begin PBXTargetDependency section */
		F418A4E22E5F78D0002EB528 /* PBXTargetDependency */ = {
			isa = PBXTargetDependency;
			target = F418A4CF2E5F78CE002EB528 /* GithubMini */;
			targetProxy = F418A4E12E5F78D0002EB528 /* PBXContainerItemProxy */;
		};
		F418A4EC2E5F78D0002EB528 /* PBXTargetDependency */ = {
			isa = PBXTargetDependency;
			target = F418A4CF2E5F78CE002EB528 /* GithubMini */;
			targetProxy = F418A4EB2E5F78D0002EB528 /* PBXContainerItemProxy */;
		};
/* End PBXTargetDependency section */

/* Begin XCBuildConfiguration section */
		F418A4F22E5F78D0002EB528 /* Debug */ = {
			isa = XCBuildConfiguration;
			buildSettings = {
				ALWAYS_SEARCH_USER_PATHS = NO;
				ASSETCATALOG_COMPILER_GENERATE_SWIFT_ASSET_SYMBOL_EXTENSIONS = YES;
				CLANG_ANALYZER_NONNULL = YES;
				CLANG_ANALYZER_NUMBER_OBJECT_CONVERSION = YES_AGGRESSIVE;
				CLANG_CXX_LANGUAGE_STANDARD = "gnu++20";
				CLANG_ENABLE_MODULES = YES;
				CLANG_ENABLE_OBJC_ARC = YES;
				CLANG_ENABLE_OBJC_WEAK = YES;
				CLANG_WARN_BLOCK_CAPTURE_AUTORELEASING = YES;
				CLANG_WARN_BOOL_CONVERSION = YES;
				CLANG_WARN_COMMA = YES;
				CLANG_WARN_CONSTANT_CONVERSION = YES;
				CLANG_WARN_DEPRECATED_OBJC_IMPLEMENTATIONS = YES;
				CLANG_WARN_DIRECT_OBJC_ISA_USAGE = YES_ERROR;
				CLANG_WARN_DOCUMENTATION_COMMENTS = YES;
				CLANG_WARN_EMPTY_BODY = YES;
				CLANG_WARN_ENUM_CONVERSION = YES;
				CLANG_WARN_INFINITE_RECURSION = YES;
				CLANG_WARN_INT_CONVERSION = YES;
				CLANG_WARN_NON_LITERAL_NULL_CONVERSION = YES;
				CLANG_WARN_OBJC_IMPLICIT_RETAIN_SELF = YES;
				CLANG_WARN_OBJC_LITERAL_CONVERSION = YES;
				CLANG_WARN_OBJC_ROOT_CLASS = YES_ERROR;
				CLANG_WARN_QUOTED_INCLUDE_IN_FRAMEWORK_HEADER = YES;
				CLANG_WARN_RANGE_LOOP_ANALYSIS = YES;
				CLANG_WARN_STRICT_PROTOTYPES = YES;
				CLANG_WARN_SUSPICIOUS_MOVE = YES;
				CLANG_WARN_UNGUARDED_AVAILABILITY = YES_AGGRESSIVE;
				CLANG_WARN_UNREACHABLE_CODE = YES;
				CLANG_WARN__DUPLICATE_METHOD_MATCH = YES;
				COPY_PHASE_STRIP = NO;
				DEBUG_INFORMATION_FORMAT = dwarf;
				ENABLE_STRICT_OBJC_MSGSEND = YES;
				ENABLE_TESTABILITY = YES;
				ENABLE_USER_SCRIPT_SANDBOXING = YES;
				GCC_C_LANGUAGE_STANDARD = gnu17;
				GCC_DYNAMIC_NO_PIC = NO;
				GCC_NO_COMMON_BLOCKS = YES;
				GCC_OPTIMIZATION_LEVEL = 0;
				GCC_PREPROCESSOR_DEFINITIONS = (
					"DEBUG=1",
					"$(inherited)",
				);
				GCC_WARN_64_TO_32_BIT_CONVERSION = YES;
				GCC_WARN_ABOUT_RETURN_TYPE = YES_ERROR;
				GCC_WARN_UNDECLARED_SELECTOR = YES;
				GCC_WARN_UNINITIALIZED_AUTOS = YES_AGGRESSIVE;
				GCC_WARN_UNUSED_FUNCTION = YES;
				GCC_WARN_UNUSED_VARIABLE = YES;
				IPHONEOS_DEPLOYMENT_TARGET = 18.2;
				LOCALIZATION_PREFERS_STRING_CATALOGS = YES;
				MTL_ENABLE_DEBUG_INFO = INCLUDE_SOURCE;
				MTL_FAST_MATH = YES;
				ONLY_ACTIVE_ARCH = YES;
				SDKROOT = iphoneos;
				SWIFT_ACTIVE_COMPILATION_CONDITIONS = "DEBUG $(inherited)";
				SWIFT_OPTIMIZATION_LEVEL = "-Onone";
			};
			name = Debug;
		};
		F418A4F32E5F78D0002EB528 /* Release */ = {
			isa = XCBuildConfiguration;
			buildSettings = {
				ALWAYS_SEARCH_USER_PATHS = NO;
				ASSETCATALOG_COMPILER_GENERATE_SWIFT_ASSET_SYMBOL_EXTENSIONS = YES;
				CLANG_ANALYZER_NONNULL = YES;
				CLANG_ANALYZER_NUMBER_OBJECT_CONVERSION = YES_AGGRESSIVE;
				CLANG_CXX_LANGUAGE_STANDARD = "gnu++20";
				CLANG_ENABLE_MODULES = YES;
				CLANG_ENABLE_OBJC_ARC = YES;
				CLANG_ENABLE_OBJC_WEAK = YES;
				CLANG_WARN_BLOCK_CAPTURE_AUTORELEASING = YES;
				CLANG_WARN_BOOL_CONVERSION = YES;
				CLANG_WARN_COMMA = YES;
				CLANG_WARN_CONSTANT_CONVERSION = YES;
				CLANG_WARN_DEPRECATED_OBJC_IMPLEMENTATIONS = YES;
				CLANG_WARN_DIRECT_OBJC_ISA_USAGE = YES_ERROR;
				CLANG_WARN_DOCUMENTATION_COMMENTS = YES;
				CLANG_WARN_EMPTY_BODY = YES;
				CLANG_WARN_ENUM_CONVERSION = YES;
				CLANG_WARN_INFINITE_RECURSION = YES;
				CLANG_WARN_INT_CONVERSION = YES;
				CLANG_WARN_NON_LITERAL_NULL_CONVERSION = YES;
				CLANG_WARN_OBJC_IMPLICIT_RETAIN_SELF = YES;
				CLANG_WARN_OBJC_LITERAL_CONVERSION = YES;
				CLANG_WARN_OBJC_ROOT_CLASS = YES_ERROR;
				CLANG_WARN_QUOTED_INCLUDE_IN_FRAMEWORK_HEADER = YES;
				CLANG_WARN_RANGE_LOOP_ANALYSIS = YES;
				CLANG_WARN_STRICT_PROTOTYPES = YES;
				CLANG_WARN_SUSPICIOUS_MOVE = YES;
				CLANG_WARN_UNGUARDED_AVAILABILITY = YES_AGGRESSIVE;
				CLANG_WARN_UNREACHABLE_CODE = YES;
				CLANG_WARN__DUPLICATE_METHOD_MATCH = YES;
				COPY_PHASE_STRIP = NO;
				DEBUG_INFORMATION_FORMAT = "dwarf-with-dsym";
				ENABLE_NS_ASSERTIONS = NO;
				ENABLE_STRICT_OBJC_MSGSEND = YES;
				ENABLE_USER_SCRIPT_SANDBOXING = YES;
				GCC_C_LANGUAGE_STANDARD = gnu17;
				GCC_NO_COMMON_BLOCKS = YES;
				GCC_WARN_64_TO_32_BIT_CONVERSION = YES;
				GCC_WARN_ABOUT_RETURN_TYPE = YES_ERROR;
				GCC_WARN_UNDECLARED_SELECTOR = YES;
				GCC_WARN_UNINITIALIZED_AUTOS = YES_AGGRESSIVE;
				GCC_WARN_UNUSED_FUNCTION = YES;
				GCC_WARN_UNUSED_VARIABLE = YES;
				IPHONEOS_DEPLOYMENT_TARGET = 18.2;
				LOCALIZATION_PREFERS_STRING_CATALOGS = YES;
				MTL_ENABLE_DEBUG_INFO = NO;
				MTL_FAST_MATH = YES;
				SDKROOT = iphoneos;
				SWIFT_COMPILATION_MODE = wholemodule;
				VALIDATE_PRODUCT = YES;
			};
			name = Release;
		};
		F418A4F52E5F78D0002EB528 /* Debug */ = {
			isa = XCBuildConfiguration;
			buildSettings = {
				ASSETCATALOG_COMPILER_APPICON_NAME = AppIcon;
				ASSETCATALOG_COMPILER_GLOBAL_ACCENT_COLOR_NAME = AccentColor;
				CODE_SIGN_STYLE = Automatic;
				CURRENT_PROJECT_VERSION = 1;
				DEVELOPMENT_ASSET_PATHS = "\"GithubMini/Preview Content\"";
				DEVELOPMENT_TEAM = M8S37KFRLW;
				ENABLE_PREVIEWS = YES;
				GENERATE_INFOPLIST_FILE = YES;
				INFOPLIST_FILE = GithubMini/Info.plist;
				INFOPLIST_KEY_UIApplicationSceneManifest_Generation = YES;
				INFOPLIST_KEY_UIApplicationSupportsIndirectInputEvents = YES;
				INFOPLIST_KEY_UILaunchScreen_Generation = YES;
				INFOPLIST_KEY_UISupportedInterfaceOrientations = UIInterfaceOrientationPortrait;
				IPHONEOS_DEPLOYMENT_TARGET = 16.6;
				LD_RUNPATH_SEARCH_PATHS = (
					"$(inherited)",
					"@executable_path/Frameworks",
				);
				MARKETING_VERSION = 1.0;
				PRODUCT_BUNDLE_IDENTIFIER = com.ayman.GithubMini;
				PRODUCT_NAME = "$(TARGET_NAME)";
				SUPPORTED_PLATFORMS = "iphoneos iphonesimulator";
				SUPPORTS_MACCATALYST = NO;
				SUPPORTS_MAC_DESIGNED_FOR_IPHONE_IPAD = NO;
				SUPPORTS_XR_DESIGNED_FOR_IPHONE_IPAD = NO;
				SWIFT_EMIT_LOC_STRINGS = YES;
				SWIFT_VERSION = 5.0;
				TARGETED_DEVICE_FAMILY = 1;
			};
			name = Debug;
		};
		F418A4F62E5F78D0002EB528 /* Release */ = {
			isa = XCBuildConfiguration;
			buildSettings = {
				ASSETCATALOG_COMPILER_APPICON_NAME = AppIcon;
				ASSETCATALOG_COMPILER_GLOBAL_ACCENT_COLOR_NAME = AccentColor;
				CODE_SIGN_STYLE = Automatic;
				CURRENT_PROJECT_VERSION = 1;
				DEVELOPMENT_ASSET_PATHS = "\"GithubMini/Preview Content\"";
				DEVELOPMENT_TEAM = M8S37KFRLW;
				ENABLE_PREVIEWS = YES;
				GENERATE_INFOPLIST_FILE = YES;
				INFOPLIST_FILE = GithubMini/Info.plist;
				INFOPLIST_KEY_UIApplicationSceneManifest_Generation = YES;
				INFOPLIST_KEY_UIApplicationSupportsIndirectInputEvents = YES;
				INFOPLIST_KEY_UILaunchScreen_Generation = YES;
				INFOPLIST_KEY_UISupportedInterfaceOrientations = UIInterfaceOrientationPortrait;
				IPHONEOS_DEPLOYMENT_TARGET = 16.6;
				LD_RUNPATH_SEARCH_PATHS = (
					"$(inherited)",
					"@executable_path/Frameworks",
				);
				MARKETING_VERSION = 1.0;
				PRODUCT_BUNDLE_IDENTIFIER = com.ayman.GithubMini;
				PRODUCT_NAME = "$(TARGET_NAME)";
				SUPPORTED_PLATFORMS = "iphoneos iphonesimulator";
				SUPPORTS_MACCATALYST = NO;
				SUPPORTS_MAC_DESIGNED_FOR_IPHONE_IPAD = NO;
				SUPPORTS_XR_DESIGNED_FOR_IPHONE_IPAD = NO;
				SWIFT_EMIT_LOC_STRINGS = YES;
				SWIFT_VERSION = 5.0;
				TARGETED_DEVICE_FAMILY = 1;
			};
			name = Release;
		};
		F418A4F82E5F78D0002EB528 /* Debug */ = {
			isa = XCBuildConfiguration;
			buildSettings = {
				BUNDLE_LOADER = "$(TEST_HOST)";
				CODE_SIGN_STYLE = Automatic;
				CURRENT_PROJECT_VERSION = 1;
				GENERATE_INFOPLIST_FILE = YES;
				IPHONEOS_DEPLOYMENT_TARGET = 18.2;
				MARKETING_VERSION = 1.0;
				PRODUCT_BUNDLE_IDENTIFIER = com.ayman.GithubMiniTests;
				PRODUCT_NAME = "$(TARGET_NAME)";
				SWIFT_EMIT_LOC_STRINGS = NO;
				SWIFT_VERSION = 5.0;
				TARGETED_DEVICE_FAMILY = "1,2";
				TEST_HOST = "$(BUILT_PRODUCTS_DIR)/GithubMini.app/$(BUNDLE_EXECUTABLE_FOLDER_PATH)/GithubMini";
			};
			name = Debug;
		};
		F418A4F92E5F78D0002EB528 /* Release */ = {
			isa = XCBuildConfiguration;
			buildSettings = {
				BUNDLE_LOADER = "$(TEST_HOST)";
				CODE_SIGN_STYLE = Automatic;
				CURRENT_PROJECT_VERSION = 1;
				GENERATE_INFOPLIST_FILE = YES;
				IPHONEOS_DEPLOYMENT_TARGET = 18.2;
				MARKETING_VERSION = 1.0;
				PRODUCT_BUNDLE_IDENTIFIER = com.ayman.GithubMiniTests;
				PRODUCT_NAME = "$(TARGET_NAME)";
				SWIFT_EMIT_LOC_STRINGS = NO;
				SWIFT_VERSION = 5.0;
				TARGETED_DEVICE_FAMILY = "1,2";
				TEST_HOST = "$(BUILT_PRODUCTS_DIR)/GithubMini.app/$(BUNDLE_EXECUTABLE_FOLDER_PATH)/GithubMini";
			};
			name = Release;
		};
		F418A4FB2E5F78D0002EB528 /* Debug */ = {
			isa = XCBuildConfiguration;
			buildSettings = {
				CODE_SIGN_STYLE = Automatic;
				CURRENT_PROJECT_VERSION = 1;
				GENERATE_INFOPLIST_FILE = YES;
				MARKETING_VERSION = 1.0;
				PRODUCT_BUNDLE_IDENTIFIER = com.ayman.GithubMiniUITests;
				PRODUCT_NAME = "$(TARGET_NAME)";
				SWIFT_EMIT_LOC_STRINGS = NO;
				SWIFT_VERSION = 5.0;
				TARGETED_DEVICE_FAMILY = "1,2";
				TEST_TARGET_NAME = GithubMini;
			};
			name = Debug;
		};
		F418A4FC2E5F78D0002EB528 /* Release */ = {
			isa = XCBuildConfiguration;
			buildSettings = {
				CODE_SIGN_STYLE = Automatic;
				CURRENT_PROJECT_VERSION = 1;
				GENERATE_INFOPLIST_FILE = YES;
				MARKETING_VERSION = 1.0;
				PRODUCT_BUNDLE_IDENTIFIER = com.ayman.GithubMiniUITests;
				PRODUCT_NAME = "$(TARGET_NAME)";
				SWIFT_EMIT_LOC_STRINGS = NO;
				SWIFT_VERSION = 5.0;
				TARGETED_DEVICE_FAMILY = "1,2";
				TEST_TARGET_NAME = GithubMini;
			};
			name = Release;
		};
/* End XCBuildConfiguration section */

/* Begin XCConfigurationList section */
		F418A4CB2E5F78CE002EB528 /* Build configuration list for PBXProject "GithubMini" */ = {
			isa = XCConfigurationList;
			buildConfigurations = (
				F418A4F22E5F78D0002EB528 /* Debug */,
				F418A4F32E5F78D0002EB528 /* Release */,
			);
			defaultConfigurationIsVisible = 0;
			defaultConfigurationName = Release;
		};
		F418A4F42E5F78D0002EB528 /* Build configuration list for PBXNativeTarget "GithubMini" */ = {
			isa = XCConfigurationList;
			buildConfigurations = (
				F418A4F52E5F78D0002EB528 /* Debug */,
				F418A4F62E5F78D0002EB528 /* Release */,
			);
			defaultConfigurationIsVisible = 0;
			defaultConfigurationName = Release;
		};
		F418A4F72E5F78D0002EB528 /* Build configuration list for PBXNativeTarget "GithubMiniTests" */ = {
			isa = XCConfigurationList;
			buildConfigurations = (
				F418A4F82E5F78D0002EB528 /* Debug */,
				F418A4F92E5F78D0002EB528 /* Release */,
			);
			defaultConfigurationIsVisible = 0;
			defaultConfigurationName = Release;
		};
		F418A4FA2E5F78D0002EB528 /* Build configuration list for PBXNativeTarget "GithubMiniUITests" */ = {
			isa = XCConfigurationList;
			buildConfigurations = (
				F418A4FB2E5F78D0002EB528 /* Debug */,
				F418A4FC2E5F78D0002EB528 /* Release */,
			);
			defaultConfigurationIsVisible = 0;
			defaultConfigurationName = Release;
		};
/* End XCConfigurationList section */

/* Begin XCSwiftPackageProductDependency section */
		F418A5422E5F8C48002EB528 /* SecureStorage */ = {
			isa = XCSwiftPackageProductDependency;
			productName = SecureStorage;
		};
		F418A5452E5F8D95002EB528 /* Networking */ = {
			isa = XCSwiftPackageProductDependency;
			productName = Networking;
		};
/* End XCSwiftPackageProductDependency section */
	};
	rootObject = F418A4C82E5F78CE002EB528 /* Project object */;
}
